// !$*UTF8*$!
{
	archiveVersion = 1;
	classes = {
	};
	objectVersion = 48;
	objects = {

/* Begin PBXBuildFile section */
		4C937BDA1F839A5600A54348 /* AppDelegate.swift in Sources */ = {isa = PBXBuildFile; fileRef = 4C937BD91F839A5600A54348 /* AppDelegate.swift */; };
		4C937BDF1F839A5600A54348 /* Main.storyboard in Resources */ = {isa = PBXBuildFile; fileRef = 4C937BDD1F839A5600A54348 /* Main.storyboard */; };
		4C937BE21F839A5600A54348 /* TweeterApp.xcdatamodeld in Sources */ = {isa = PBXBuildFile; fileRef = 4C937BE01F839A5600A54348 /* TweeterApp.xcdatamodeld */; };
		4C937BE41F839A5600A54348 /* Assets.xcassets in Resources */ = {isa = PBXBuildFile; fileRef = 4C937BE31F839A5600A54348 /* Assets.xcassets */; };
		4C937BE71F839A5600A54348 /* LaunchScreen.storyboard in Resources */ = {isa = PBXBuildFile; fileRef = 4C937BE51F839A5600A54348 /* LaunchScreen.storyboard */; };
		4C937BF21F839A5600A54348 /* TweeterAppTests.swift in Sources */ = {isa = PBXBuildFile; fileRef = 4C937BF11F839A5600A54348 /* TweeterAppTests.swift */; };
		4C937BFD1F839A5600A54348 /* TweeterAppUITests.swift in Sources */ = {isa = PBXBuildFile; fileRef = 4C937BFC1F839A5600A54348 /* TweeterAppUITests.swift */; };
		4C937C101F84A19F00A54348 /* Theme.swift in Sources */ = {isa = PBXBuildFile; fileRef = 4C937C0F1F84A19F00A54348 /* Theme.swift */; };
		4C937C131F84A1FE00A54348 /* HomeViewController.swift in Sources */ = {isa = PBXBuildFile; fileRef = 4C937C121F84A1FE00A54348 /* HomeViewController.swift */; };
		4C937C151F84A61A00A54348 /* Extentions.swift in Sources */ = {isa = PBXBuildFile; fileRef = 4C937C141F84A61A00A54348 /* Extentions.swift */; };
		4C937C191F84AED400A54348 /* MessageCell.swift in Sources */ = {isa = PBXBuildFile; fileRef = 4C937C181F84AED400A54348 /* MessageCell.swift */; };
		4C937C1B1F84AFB600A54348 /* InputMessageView.swift in Sources */ = {isa = PBXBuildFile; fileRef = 4C937C1A1F84AFB600A54348 /* InputMessageView.swift */; };
		4CD0CE5E1F85492F00BE3E77 /* MessageModel.swift in Sources */ = {isa = PBXBuildFile; fileRef = 4CD0CE5D1F85492F00BE3E77 /* MessageModel.swift */; };
		71583710D669A2DCAF602966 /* Pods_TweeterApp.framework in Frameworks */ = {isa = PBXBuildFile; fileRef = 68E893F9BC16523BB278F839 /* Pods_TweeterApp.framework */; };
		97835EDBAAA41BCEFB30620B /* Pods_TweeterAppTests.framework in Frameworks */ = {isa = PBXBuildFile; fileRef = CFF107D59B93473E6751723C /* Pods_TweeterAppTests.framework */; };
		A970B4BBF17972AB69DE7C2C /* Pods_TweeterAppUITests.framework in Frameworks */ = {isa = PBXBuildFile; fileRef = 97473760F1C8C8A8EA3BFC59 /* Pods_TweeterAppUITests.framework */; };
/* End PBXBuildFile section */

/* Begin PBXContainerItemProxy section */
		4C937BEE1F839A5600A54348 /* PBXContainerItemProxy */ = {
			isa = PBXContainerItemProxy;
			containerPortal = 4C937BCE1F839A5600A54348 /* Project object */;
			proxyType = 1;
			remoteGlobalIDString = 4C937BD51F839A5600A54348;
			remoteInfo = TweeterApp;
		};
		4C937BF91F839A5600A54348 /* PBXContainerItemProxy */ = {
			isa = PBXContainerItemProxy;
			containerPortal = 4C937BCE1F839A5600A54348 /* Project object */;
			proxyType = 1;
			remoteGlobalIDString = 4C937BD51F839A5600A54348;
			remoteInfo = TweeterApp;
		};
/* End PBXContainerItemProxy section */

/* Begin PBXFileReference section */
		2B4058549CACAB9A4A15617A /* Pods-TweeterAppTests.release.xcconfig */ = {isa = PBXFileReference; includeInIndex = 1; lastKnownFileType = text.xcconfig; name = "Pods-TweeterAppTests.release.xcconfig"; path = "Pods/Target Support Files/Pods-TweeterAppTests/Pods-TweeterAppTests.release.xcconfig"; sourceTree = "<group>"; };
		4C937BD61F839A5600A54348 /* TweeterApp.app */ = {isa = PBXFileReference; explicitFileType = wrapper.application; includeInIndex = 0; path = TweeterApp.app; sourceTree = BUILT_PRODUCTS_DIR; };
		4C937BD91F839A5600A54348 /* AppDelegate.swift */ = {isa = PBXFileReference; lastKnownFileType = sourcecode.swift; path = AppDelegate.swift; sourceTree = "<group>"; };
		4C937BDE1F839A5600A54348 /* Base */ = {isa = PBXFileReference; lastKnownFileType = file.storyboard; name = Base; path = Base.lproj/Main.storyboard; sourceTree = "<group>"; };
		4C937BE11F839A5600A54348 /* TweeterApp.xcdatamodel */ = {isa = PBXFileReference; lastKnownFileType = wrapper.xcdatamodel; path = TweeterApp.xcdatamodel; sourceTree = "<group>"; };
		4C937BE31F839A5600A54348 /* Assets.xcassets */ = {isa = PBXFileReference; lastKnownFileType = folder.assetcatalog; path = Assets.xcassets; sourceTree = "<group>"; };
		4C937BE61F839A5600A54348 /* Base */ = {isa = PBXFileReference; lastKnownFileType = file.storyboard; name = Base; path = Base.lproj/LaunchScreen.storyboard; sourceTree = "<group>"; };
		4C937BE81F839A5600A54348 /* Info.plist */ = {isa = PBXFileReference; lastKnownFileType = text.plist.xml; path = Info.plist; sourceTree = "<group>"; };
		4C937BED1F839A5600A54348 /* TweeterAppTests.xctest */ = {isa = PBXFileReference; explicitFileType = wrapper.cfbundle; includeInIndex = 0; path = TweeterAppTests.xctest; sourceTree = BUILT_PRODUCTS_DIR; };
		4C937BF11F839A5600A54348 /* TweeterAppTests.swift */ = {isa = PBXFileReference; lastKnownFileType = sourcecode.swift; path = TweeterAppTests.swift; sourceTree = "<group>"; };
		4C937BF31F839A5600A54348 /* Info.plist */ = {isa = PBXFileReference; lastKnownFileType = text.plist.xml; path = Info.plist; sourceTree = "<group>"; };
		4C937BF81F839A5600A54348 /* TweeterAppUITests.xctest */ = {isa = PBXFileReference; explicitFileType = wrapper.cfbundle; includeInIndex = 0; path = TweeterAppUITests.xctest; sourceTree = BUILT_PRODUCTS_DIR; };
		4C937BFC1F839A5600A54348 /* TweeterAppUITests.swift */ = {isa = PBXFileReference; lastKnownFileType = sourcecode.swift; path = TweeterAppUITests.swift; sourceTree = "<group>"; };
		4C937BFE1F839A5600A54348 /* Info.plist */ = {isa = PBXFileReference; lastKnownFileType = text.plist.xml; path = Info.plist; sourceTree = "<group>"; };
		4C937C0F1F84A19F00A54348 /* Theme.swift */ = {isa = PBXFileReference; lastKnownFileType = sourcecode.swift; path = Theme.swift; sourceTree = "<group>"; };
		4C937C121F84A1FE00A54348 /* HomeViewController.swift */ = {isa = PBXFileReference; lastKnownFileType = sourcecode.swift; path = HomeViewController.swift; sourceTree = "<group>"; };
		4C937C141F84A61A00A54348 /* Extentions.swift */ = {isa = PBXFileReference; lastKnownFileType = sourcecode.swift; path = Extentions.swift; sourceTree = "<group>"; };
		4C937C181F84AED400A54348 /* MessageCell.swift */ = {isa = PBXFileReference; lastKnownFileType = sourcecode.swift; path = MessageCell.swift; sourceTree = "<group>"; };
		4C937C1A1F84AFB600A54348 /* InputMessageView.swift */ = {isa = PBXFileReference; lastKnownFileType = sourcecode.swift; path = InputMessageView.swift; sourceTree = "<group>"; };
		4CD0CE5D1F85492F00BE3E77 /* MessageModel.swift */ = {isa = PBXFileReference; lastKnownFileType = sourcecode.swift; path = MessageModel.swift; sourceTree = "<group>"; };
		68E893F9BC16523BB278F839 /* Pods_TweeterApp.framework */ = {isa = PBXFileReference; explicitFileType = wrapper.framework; includeInIndex = 0; path = Pods_TweeterApp.framework; sourceTree = BUILT_PRODUCTS_DIR; };
		8503D5235734D6C1B78195C4 /* Pods-TweeterApp.release.xcconfig */ = {isa = PBXFileReference; includeInIndex = 1; lastKnownFileType = text.xcconfig; name = "Pods-TweeterApp.release.xcconfig"; path = "Pods/Target Support Files/Pods-TweeterApp/Pods-TweeterApp.release.xcconfig"; sourceTree = "<group>"; };
		8522543B2D9B1786DC61280F /* Pods-TweeterApp.debug.xcconfig */ = {isa = PBXFileReference; includeInIndex = 1; lastKnownFileType = text.xcconfig; name = "Pods-TweeterApp.debug.xcconfig"; path = "Pods/Target Support Files/Pods-TweeterApp/Pods-TweeterApp.debug.xcconfig"; sourceTree = "<group>"; };
		901657122FD7E027AA8D5457 /* Pods-TweeterAppUITests.release.xcconfig */ = {isa = PBXFileReference; includeInIndex = 1; lastKnownFileType = text.xcconfig; name = "Pods-TweeterAppUITests.release.xcconfig"; path = "Pods/Target Support Files/Pods-TweeterAppUITests/Pods-TweeterAppUITests.release.xcconfig"; sourceTree = "<group>"; };
		97473760F1C8C8A8EA3BFC59 /* Pods_TweeterAppUITests.framework */ = {isa = PBXFileReference; explicitFileType = wrapper.framework; includeInIndex = 0; path = Pods_TweeterAppUITests.framework; sourceTree = BUILT_PRODUCTS_DIR; };
		997C8CF1AE5818E37A96B96D /* Pods-TweeterAppTests.debug.xcconfig */ = {isa = PBXFileReference; includeInIndex = 1; lastKnownFileType = text.xcconfig; name = "Pods-TweeterAppTests.debug.xcconfig"; path = "Pods/Target Support Files/Pods-TweeterAppTests/Pods-TweeterAppTests.debug.xcconfig"; sourceTree = "<group>"; };
		9AAD8BBD03682790748A49B9 /* Pods-TweeterAppUITests.debug.xcconfig */ = {isa = PBXFileReference; includeInIndex = 1; lastKnownFileType = text.xcconfig; name = "Pods-TweeterAppUITests.debug.xcconfig"; path = "Pods/Target Support Files/Pods-TweeterAppUITests/Pods-TweeterAppUITests.debug.xcconfig"; sourceTree = "<group>"; };
		CFF107D59B93473E6751723C /* Pods_TweeterAppTests.framework */ = {isa = PBXFileReference; explicitFileType = wrapper.framework; includeInIndex = 0; path = Pods_TweeterAppTests.framework; sourceTree = BUILT_PRODUCTS_DIR; };
/* End PBXFileReference section */

/* Begin PBXFrameworksBuildPhase section */
		4C937BD31F839A5600A54348 /* Frameworks */ = {
			isa = PBXFrameworksBuildPhase;
			buildActionMask = 2147483647;
			files = (
				71583710D669A2DCAF602966 /* Pods_TweeterApp.framework in Frameworks */,
			);
			runOnlyForDeploymentPostprocessing = 0;
		};
		4C937BEA1F839A5600A54348 /* Frameworks */ = {
			isa = PBXFrameworksBuildPhase;
			buildActionMask = 2147483647;
			files = (
				97835EDBAAA41BCEFB30620B /* Pods_TweeterAppTests.framework in Frameworks */,
			);
			runOnlyForDeploymentPostprocessing = 0;
		};
		4C937BF51F839A5600A54348 /* Frameworks */ = {
			isa = PBXFrameworksBuildPhase;
			buildActionMask = 2147483647;
			files = (
				A970B4BBF17972AB69DE7C2C /* Pods_TweeterAppUITests.framework in Frameworks */,
			);
			runOnlyForDeploymentPostprocessing = 0;
		};
/* End PBXFrameworksBuildPhase section */

/* Begin PBXGroup section */
		4C937BCD1F839A5600A54348 = {
			isa = PBXGroup;
			children = (
				4C937BD81F839A5600A54348 /* TweeterApp */,
				4C937BF01F839A5600A54348 /* TweeterAppTests */,
				4C937BFB1F839A5600A54348 /* TweeterAppUITests */,
				4C937BD71F839A5600A54348 /* Products */,
				71AB41F547DBDF14595691FC /* Pods */,
				6C387E1F686457AC046E0E52 /* Frameworks */,
			);
			sourceTree = "<group>";
		};
		4C937BD71F839A5600A54348 /* Products */ = {
			isa = PBXGroup;
			children = (
				4C937BD61F839A5600A54348 /* TweeterApp.app */,
				4C937BED1F839A5600A54348 /* TweeterAppTests.xctest */,
				4C937BF81F839A5600A54348 /* TweeterAppUITests.xctest */,
			);
			name = Products;
			sourceTree = "<group>";
		};
		4C937BD81F839A5600A54348 /* TweeterApp */ = {
			isa = PBXGroup;
			children = (
				4C937C0D1F84A14400A54348 /* Models */,
				4C937C0C1F84A13800A54348 /* Extensions */,
				4C937C0B1F84A0B900A54348 /* Services */,
				4C937C0A1F84A0AA00A54348 /* ViewControllers */,
				4C937BD91F839A5600A54348 /* AppDelegate.swift */,
				4C937BDD1F839A5600A54348 /* Main.storyboard */,
				4C937BE31F839A5600A54348 /* Assets.xcassets */,
				4C937BE51F839A5600A54348 /* LaunchScreen.storyboard */,
				4C937BE81F839A5600A54348 /* Info.plist */,
				4C937BE01F839A5600A54348 /* TweeterApp.xcdatamodeld */,
			);
			path = TweeterApp;
			sourceTree = "<group>";
		};
		4C937BF01F839A5600A54348 /* TweeterAppTests */ = {
			isa = PBXGroup;
			children = (
				4C937BF11F839A5600A54348 /* TweeterAppTests.swift */,
				4C937BF31F839A5600A54348 /* Info.plist */,
			);
			path = TweeterAppTests;
			sourceTree = "<group>";
		};
		4C937BFB1F839A5600A54348 /* TweeterAppUITests */ = {
			isa = PBXGroup;
			children = (
				4C937BFC1F839A5600A54348 /* TweeterAppUITests.swift */,
				4C937BFE1F839A5600A54348 /* Info.plist */,
			);
			path = TweeterAppUITests;
			sourceTree = "<group>";
		};
		4C937C0A1F84A0AA00A54348 /* ViewControllers */ = {
			isa = PBXGroup;
			children = (
				4C937C111F84A1BC00A54348 /* HomeViewController */,
			);
			path = ViewControllers;
			sourceTree = "<group>";
		};
		4C937C0B1F84A0B900A54348 /* Services */ = {
			isa = PBXGroup;
			children = (
				4C937C0E1F84A18400A54348 /* Theme */,
			);
			path = Services;
			sourceTree = "<group>";
		};
		4C937C0C1F84A13800A54348 /* Extensions */ = {
			isa = PBXGroup;
			children = (
				4C937C141F84A61A00A54348 /* Extentions.swift */,
			);
			path = Extensions;
			sourceTree = "<group>";
		};
		4C937C0D1F84A14400A54348 /* Models */ = {
			isa = PBXGroup;
			children = (
				4CD0CE5C1F85490F00BE3E77 /* Message */,
			);
			path = Models;
			sourceTree = "<group>";
		};
		4C937C0E1F84A18400A54348 /* Theme */ = {
			isa = PBXGroup;
			children = (
				4C937C0F1F84A19F00A54348 /* Theme.swift */,
			);
			path = Theme;
			sourceTree = "<group>";
		};
		4C937C111F84A1BC00A54348 /* HomeViewController */ = {
			isa = PBXGroup;
			children = (
				4C937C171F84AE9C00A54348 /* View */,
				4C937C161F84AE7F00A54348 /* Cell */,
				4C937C121F84A1FE00A54348 /* HomeViewController.swift */,
			);
			path = HomeViewController;
			sourceTree = "<group>";
		};
		4C937C161F84AE7F00A54348 /* Cell */ = {
			isa = PBXGroup;
			children = (
				4C937C181F84AED400A54348 /* MessageCell.swift */,
			);
			path = Cell;
			sourceTree = "<group>";
		};
		4C937C171F84AE9C00A54348 /* View */ = {
			isa = PBXGroup;
			children = (
				4C937C1A1F84AFB600A54348 /* InputMessageView.swift */,
			);
			path = View;
			sourceTree = "<group>";
		};
		4CD0CE5C1F85490F00BE3E77 /* Message */ = {
			isa = PBXGroup;
			children = (
				4CD0CE5D1F85492F00BE3E77 /* MessageModel.swift */,
			);
			path = Message;
			sourceTree = "<group>";
		};
		6C387E1F686457AC046E0E52 /* Frameworks */ = {
			isa = PBXGroup;
			children = (
				68E893F9BC16523BB278F839 /* Pods_TweeterApp.framework */,
				CFF107D59B93473E6751723C /* Pods_TweeterAppTests.framework */,
				97473760F1C8C8A8EA3BFC59 /* Pods_TweeterAppUITests.framework */,
			);
			name = Frameworks;
			sourceTree = "<group>";
		};
		71AB41F547DBDF14595691FC /* Pods */ = {
			isa = PBXGroup;
			children = (
				8522543B2D9B1786DC61280F /* Pods-TweeterApp.debug.xcconfig */,
				8503D5235734D6C1B78195C4 /* Pods-TweeterApp.release.xcconfig */,
				997C8CF1AE5818E37A96B96D /* Pods-TweeterAppTests.debug.xcconfig */,
				2B4058549CACAB9A4A15617A /* Pods-TweeterAppTests.release.xcconfig */,
				9AAD8BBD03682790748A49B9 /* Pods-TweeterAppUITests.debug.xcconfig */,
				901657122FD7E027AA8D5457 /* Pods-TweeterAppUITests.release.xcconfig */,
			);
			name = Pods;
			sourceTree = "<group>";
		};
/* End PBXGroup section */

/* Begin PBXNativeTarget section */
		4C937BD51F839A5600A54348 /* TweeterApp */ = {
			isa = PBXNativeTarget;
			buildConfigurationList = 4C937C011F839A5600A54348 /* Build configuration list for PBXNativeTarget "TweeterApp" */;
			buildPhases = (
				C7A64A2C6965EB882971A7B4 /* [CP] Check Pods Manifest.lock */,
				4C937BD21F839A5600A54348 /* Sources */,
				4C937BD31F839A5600A54348 /* Frameworks */,
				4C937BD41F839A5600A54348 /* Resources */,
				14B0DE30A20AADB7CFF8FF85 /* [CP] Embed Pods Frameworks */,
				9993DB43D0B8677D8B82A852 /* [CP] Copy Pods Resources */,
			);
			buildRules = (
			);
			dependencies = (
			);
			name = TweeterApp;
			productName = TweeterApp;
			productReference = 4C937BD61F839A5600A54348 /* TweeterApp.app */;
			productType = "com.apple.product-type.application";
		};
		4C937BEC1F839A5600A54348 /* TweeterAppTests */ = {
			isa = PBXNativeTarget;
			buildConfigurationList = 4C937C041F839A5600A54348 /* Build configuration list for PBXNativeTarget "TweeterAppTests" */;
			buildPhases = (
				39B1DABE4EB14CACAF6B3C54 /* [CP] Check Pods Manifest.lock */,
				4C937BE91F839A5600A54348 /* Sources */,
				4C937BEA1F839A5600A54348 /* Frameworks */,
				4C937BEB1F839A5600A54348 /* Resources */,
				FA12871440DB16F3C9B73F25 /* [CP] Embed Pods Frameworks */,
				11715295CFCC1B0A9301E13C /* [CP] Copy Pods Resources */,
			);
			buildRules = (
			);
			dependencies = (
				4C937BEF1F839A5600A54348 /* PBXTargetDependency */,
			);
			name = TweeterAppTests;
			productName = TweeterAppTests;
			productReference = 4C937BED1F839A5600A54348 /* TweeterAppTests.xctest */;
			productType = "com.apple.product-type.bundle.unit-test";
		};
		4C937BF71F839A5600A54348 /* TweeterAppUITests */ = {
			isa = PBXNativeTarget;
			buildConfigurationList = 4C937C071F839A5600A54348 /* Build configuration list for PBXNativeTarget "TweeterAppUITests" */;
			buildPhases = (
				B3F887B1BBCEC6BA34BEA6D8 /* [CP] Check Pods Manifest.lock */,
				4C937BF41F839A5600A54348 /* Sources */,
				4C937BF51F839A5600A54348 /* Frameworks */,
				4C937BF61F839A5600A54348 /* Resources */,
				7AF30BD8BB540B4F4FA9B11E /* [CP] Embed Pods Frameworks */,
				45CC4E6AFEF089564E0C09AD /* [CP] Copy Pods Resources */,
			);
			buildRules = (
			);
			dependencies = (
				4C937BFA1F839A5600A54348 /* PBXTargetDependency */,
			);
			name = TweeterAppUITests;
			productName = TweeterAppUITests;
			productReference = 4C937BF81F839A5600A54348 /* TweeterAppUITests.xctest */;
			productType = "com.apple.product-type.bundle.ui-testing";
		};
/* End PBXNativeTarget section */

/* Begin PBXProject section */
		4C937BCE1F839A5600A54348 /* Project object */ = {
			isa = PBXProject;
			attributes = {
				LastSwiftUpdateCheck = 0900;
				LastUpgradeCheck = 0900;
				ORGANIZATIONNAME = nhuphan;
				TargetAttributes = {
					4C937BD51F839A5600A54348 = {
						CreatedOnToolsVersion = 9.0;
						ProvisioningStyle = Automatic;
					};
					4C937BEC1F839A5600A54348 = {
						CreatedOnToolsVersion = 9.0;
						ProvisioningStyle = Automatic;
						TestTargetID = 4C937BD51F839A5600A54348;
					};
					4C937BF71F839A5600A54348 = {
						CreatedOnToolsVersion = 9.0;
						ProvisioningStyle = Automatic;
						TestTargetID = 4C937BD51F839A5600A54348;
					};
				};
			};
			buildConfigurationList = 4C937BD11F839A5600A54348 /* Build configuration list for PBXProject "TweeterApp" */;
			compatibilityVersion = "Xcode 8.0";
			developmentRegion = en;
			hasScannedForEncodings = 0;
			knownRegions = (
				en,
				Base,
			);
			mainGroup = 4C937BCD1F839A5600A54348;
			productRefGroup = 4C937BD71F839A5600A54348 /* Products */;
			projectDirPath = "";
			projectRoot = "";
			targets = (
				4C937BD51F839A5600A54348 /* TweeterApp */,
				4C937BEC1F839A5600A54348 /* TweeterAppTests */,
				4C937BF71F839A5600A54348 /* TweeterAppUITests */,
			);
		};
/* End PBXProject section */

/* Begin PBXResourcesBuildPhase section */
		4C937BD41F839A5600A54348 /* Resources */ = {
			isa = PBXResourcesBuildPhase;
			buildActionMask = 2147483647;
			files = (
				4C937BE71F839A5600A54348 /* LaunchScreen.storyboard in Resources */,
				4C937BE41F839A5600A54348 /* Assets.xcassets in Resources */,
				4C937BDF1F839A5600A54348 /* Main.storyboard in Resources */,
			);
			runOnlyForDeploymentPostprocessing = 0;
		};
		4C937BEB1F839A5600A54348 /* Resources */ = {
			isa = PBXResourcesBuildPhase;
			buildActionMask = 2147483647;
			files = (
			);
			runOnlyForDeploymentPostprocessing = 0;
		};
		4C937BF61F839A5600A54348 /* Resources */ = {
			isa = PBXResourcesBuildPhase;
			buildActionMask = 2147483647;
			files = (
			);
			runOnlyForDeploymentPostprocessing = 0;
		};
/* End PBXResourcesBuildPhase section */

/* Begin PBXShellScriptBuildPhase section */
		11715295CFCC1B0A9301E13C /* [CP] Copy Pods Resources */ = {
			isa = PBXShellScriptBuildPhase;
			buildActionMask = 2147483647;
			files = (
			);
			inputPaths = (
			);
			name = "[CP] Copy Pods Resources";
			outputPaths = (
			);
			runOnlyForDeploymentPostprocessing = 0;
			shellPath = /bin/sh;
			shellScript = "\"${SRCROOT}/Pods/Target Support Files/Pods-TweeterAppTests/Pods-TweeterAppTests-resources.sh\"\n";
			showEnvVarsInLog = 0;
		};
		14B0DE30A20AADB7CFF8FF85 /* [CP] Embed Pods Frameworks */ = {
			isa = PBXShellScriptBuildPhase;
			buildActionMask = 2147483647;
			files = (
			);
			inputPaths = (
			);
			name = "[CP] Embed Pods Frameworks";
			outputPaths = (
			);
			runOnlyForDeploymentPostprocessing = 0;
			shellPath = /bin/sh;
			shellScript = "\"${SRCROOT}/Pods/Target Support Files/Pods-TweeterApp/Pods-TweeterApp-frameworks.sh\"\n";
			showEnvVarsInLog = 0;
		};
		39B1DABE4EB14CACAF6B3C54 /* [CP] Check Pods Manifest.lock */ = {
			isa = PBXShellScriptBuildPhase;
			buildActionMask = 2147483647;
			files = (
			);
			inputPaths = (
			);
			name = "[CP] Check Pods Manifest.lock";
			outputPaths = (
			);
			runOnlyForDeploymentPostprocessing = 0;
			shellPath = /bin/sh;
			shellScript = "diff \"${PODS_ROOT}/../Podfile.lock\" \"${PODS_ROOT}/Manifest.lock\" > /dev/null\nif [ $? != 0 ] ; then\n    # print error to STDERR\n    echo \"error: The sandbox is not in sync with the Podfile.lock. Run 'pod install' or update your CocoaPods installation.\" >&2\n    exit 1\nfi\n";
			showEnvVarsInLog = 0;
		};
		45CC4E6AFEF089564E0C09AD /* [CP] Copy Pods Resources */ = {
			isa = PBXShellScriptBuildPhase;
			buildActionMask = 2147483647;
			files = (
			);
			inputPaths = (
			);
			name = "[CP] Copy Pods Resources";
			outputPaths = (
			);
			runOnlyForDeploymentPostprocessing = 0;
			shellPath = /bin/sh;
			shellScript = "\"${SRCROOT}/Pods/Target Support Files/Pods-TweeterAppUITests/Pods-TweeterAppUITests-resources.sh\"\n";
			showEnvVarsInLog = 0;
		};
		7AF30BD8BB540B4F4FA9B11E /* [CP] Embed Pods Frameworks */ = {
			isa = PBXShellScriptBuildPhase;
			buildActionMask = 2147483647;
			files = (
			);
			inputPaths = (
			);
			name = "[CP] Embed Pods Frameworks";
			outputPaths = (
			);
			runOnlyForDeploymentPostprocessing = 0;
			shellPath = /bin/sh;
			shellScript = "\"${SRCROOT}/Pods/Target Support Files/Pods-TweeterAppUITests/Pods-TweeterAppUITests-frameworks.sh\"\n";
			showEnvVarsInLog = 0;
		};
		9993DB43D0B8677D8B82A852 /* [CP] Copy Pods Resources */ = {
			isa = PBXShellScriptBuildPhase;
			buildActionMask = 2147483647;
			files = (
			);
			inputPaths = (
			);
			name = "[CP] Copy Pods Resources";
			outputPaths = (
			);
			runOnlyForDeploymentPostprocessing = 0;
			shellPath = /bin/sh;
			shellScript = "\"${SRCROOT}/Pods/Target Support Files/Pods-TweeterApp/Pods-TweeterApp-resources.sh\"\n";
			showEnvVarsInLog = 0;
		};
		B3F887B1BBCEC6BA34BEA6D8 /* [CP] Check Pods Manifest.lock */ = {
			isa = PBXShellScriptBuildPhase;
			buildActionMask = 2147483647;
			files = (
			);
			inputPaths = (
			);
			name = "[CP] Check Pods Manifest.lock";
			outputPaths = (
			);
			runOnlyForDeploymentPostprocessing = 0;
			shellPath = /bin/sh;
			shellScript = "diff \"${PODS_ROOT}/../Podfile.lock\" \"${PODS_ROOT}/Manifest.lock\" > /dev/null\nif [ $? != 0 ] ; then\n    # print error to STDERR\n    echo \"error: The sandbox is not in sync with the Podfile.lock. Run 'pod install' or update your CocoaPods installation.\" >&2\n    exit 1\nfi\n";
			showEnvVarsInLog = 0;
		};
		C7A64A2C6965EB882971A7B4 /* [CP] Check Pods Manifest.lock */ = {
			isa = PBXShellScriptBuildPhase;
			buildActionMask = 2147483647;
			files = (
			);
			inputPaths = (
			);
			name = "[CP] Check Pods Manifest.lock";
			outputPaths = (
			);
			runOnlyForDeploymentPostprocessing = 0;
			shellPath = /bin/sh;
			shellScript = "diff \"${PODS_ROOT}/../Podfile.lock\" \"${PODS_ROOT}/Manifest.lock\" > /dev/null\nif [ $? != 0 ] ; then\n    # print error to STDERR\n    echo \"error: The sandbox is not in sync with the Podfile.lock. Run 'pod install' or update your CocoaPods installation.\" >&2\n    exit 1\nfi\n";
			showEnvVarsInLog = 0;
		};
		FA12871440DB16F3C9B73F25 /* [CP] Embed Pods Frameworks */ = {
			isa = PBXShellScriptBuildPhase;
			buildActionMask = 2147483647;
			files = (
			);
			inputPaths = (
			);
			name = "[CP] Embed Pods Frameworks";
			outputPaths = (
			);
			runOnlyForDeploymentPostprocessing = 0;
			shellPath = /bin/sh;
			shellScript = "\"${SRCROOT}/Pods/Target Support Files/Pods-TweeterAppTests/Pods-TweeterAppTests-frameworks.sh\"\n";
			showEnvVarsInLog = 0;
		};
/* End PBXShellScriptBuildPhase section */

/* Begin PBXSourcesBuildPhase section */
		4C937BD21F839A5600A54348 /* Sources */ = {
			isa = PBXSourcesBuildPhase;
			buildActionMask = 2147483647;
			files = (
				4C937C101F84A19F00A54348 /* Theme.swift in Sources */,
				4C937BE21F839A5600A54348 /* TweeterApp.xcdatamodeld in Sources */,
				4C937BDA1F839A5600A54348 /* AppDelegate.swift in Sources */,
				4CD0CE5E1F85492F00BE3E77 /* MessageModel.swift in Sources */,
				4C937C151F84A61A00A54348 /* Extentions.swift in Sources */,
				4C937C131F84A1FE00A54348 /* HomeViewController.swift in Sources */,
				4C937C1B1F84AFB600A54348 /* InputMessageView.swift in Sources */,
				4C937C191F84AED400A54348 /* MessageCell.swift in Sources */,
			);
			runOnlyForDeploymentPostprocessing = 0;
		};
		4C937BE91F839A5600A54348 /* Sources */ = {
			isa = PBXSourcesBuildPhase;
			buildActionMask = 2147483647;
			files = (
				4C937BF21F839A5600A54348 /* TweeterAppTests.swift in Sources */,
			);
			runOnlyForDeploymentPostprocessing = 0;
		};
		4C937BF41F839A5600A54348 /* Sources */ = {
			isa = PBXSourcesBuildPhase;
			buildActionMask = 2147483647;
			files = (
				4C937BFD1F839A5600A54348 /* TweeterAppUITests.swift in Sources */,
			);
			runOnlyForDeploymentPostprocessing = 0;
		};
/* End PBXSourcesBuildPhase section */

/* Begin PBXTargetDependency section */
		4C937BEF1F839A5600A54348 /* PBXTargetDependency */ = {
			isa = PBXTargetDependency;
			target = 4C937BD51F839A5600A54348 /* TweeterApp */;
			targetProxy = 4C937BEE1F839A5600A54348 /* PBXContainerItemProxy */;
		};
		4C937BFA1F839A5600A54348 /* PBXTargetDependency */ = {
			isa = PBXTargetDependency;
			target = 4C937BD51F839A5600A54348 /* TweeterApp */;
			targetProxy = 4C937BF91F839A5600A54348 /* PBXContainerItemProxy */;
		};
/* End PBXTargetDependency section */

/* Begin PBXVariantGroup section */
		4C937BDD1F839A5600A54348 /* Main.storyboard */ = {
			isa = PBXVariantGroup;
			children = (
				4C937BDE1F839A5600A54348 /* Base */,
			);
			name = Main.storyboard;
			sourceTree = "<group>";
		};
		4C937BE51F839A5600A54348 /* LaunchScreen.storyboard */ = {
			isa = PBXVariantGroup;
			children = (
				4C937BE61F839A5600A54348 /* Base */,
			);
			name = LaunchScreen.storyboard;
			sourceTree = "<group>";
		};
/* End PBXVariantGroup section */

/* Begin XCBuildConfiguration section */
		4C937BFF1F839A5600A54348 /* Debug */ = {
			isa = XCBuildConfiguration;
			buildSettings = {
				ALWAYS_SEARCH_USER_PATHS = NO;
				CLANG_ANALYZER_NONNULL = YES;
				CLANG_ANALYZER_NUMBER_OBJECT_CONVERSION = YES_AGGRESSIVE;
				CLANG_CXX_LANGUAGE_STANDARD = "gnu++14";
				CLANG_CXX_LIBRARY = "libc++";
				CLANG_ENABLE_MODULES = YES;
				CLANG_ENABLE_OBJC_ARC = YES;
				CLANG_WARN_BLOCK_CAPTURE_AUTORELEASING = YES;
				CLANG_WARN_BOOL_CONVERSION = YES;
				CLANG_WARN_COMMA = YES;
				CLANG_WARN_CONSTANT_CONVERSION = YES;
				CLANG_WARN_DIRECT_OBJC_ISA_USAGE = YES_ERROR;
				CLANG_WARN_DOCUMENTATION_COMMENTS = YES;
				CLANG_WARN_EMPTY_BODY = YES;
				CLANG_WARN_ENUM_CONVERSION = YES;
				CLANG_WARN_INFINITE_RECURSION = YES;
				CLANG_WARN_INT_CONVERSION = YES;
				CLANG_WARN_NON_LITERAL_NULL_CONVERSION = YES;
				CLANG_WARN_OBJC_LITERAL_CONVERSION = YES;
				CLANG_WARN_OBJC_ROOT_CLASS = YES_ERROR;
				CLANG_WARN_RANGE_LOOP_ANALYSIS = YES;
				CLANG_WARN_STRICT_PROTOTYPES = YES;
				CLANG_WARN_SUSPICIOUS_MOVE = YES;
				CLANG_WARN_UNGUARDED_AVAILABILITY = YES_AGGRESSIVE;
				CLANG_WARN_UNREACHABLE_CODE = YES;
				CLANG_WARN__DUPLICATE_METHOD_MATCH = YES;
				CODE_SIGN_IDENTITY = "iPhone Developer";
				COPY_PHASE_STRIP = NO;
				DEBUG_INFORMATION_FORMAT = dwarf;
				ENABLE_STRICT_OBJC_MSGSEND = YES;
				ENABLE_TESTABILITY = YES;
				GCC_C_LANGUAGE_STANDARD = gnu11;
				GCC_DYNAMIC_NO_PIC = NO;
				GCC_NO_COMMON_BLOCKS = YES;
				GCC_OPTIMIZATION_LEVEL = 0;
				GCC_PREPROCESSOR_DEFINITIONS = (
					"DEBUG=1",
					"$(inherited)",
				);
				GCC_WARN_64_TO_32_BIT_CONVERSION = YES;
				GCC_WARN_ABOUT_RETURN_TYPE = YES_ERROR;
				GCC_WARN_UNDECLARED_SELECTOR = YES;
				GCC_WARN_UNINITIALIZED_AUTOS = YES_AGGRESSIVE;
				GCC_WARN_UNUSED_FUNCTION = YES;
				GCC_WARN_UNUSED_VARIABLE = YES;
				IPHONEOS_DEPLOYMENT_TARGET = 11.0;
				MTL_ENABLE_DEBUG_INFO = YES;
				ONLY_ACTIVE_ARCH = YES;
				SDKROOT = iphoneos;
				SWIFT_ACTIVE_COMPILATION_CONDITIONS = DEBUG;
				SWIFT_OPTIMIZATION_LEVEL = "-Onone";
			};
			name = Debug;
		};
		4C937C001F839A5600A54348 /* Release */ = {
			isa = XCBuildConfiguration;
			buildSettings = {
				ALWAYS_SEARCH_USER_PATHS = NO;
				CLANG_ANALYZER_NONNULL = YES;
				CLANG_ANALYZER_NUMBER_OBJECT_CONVERSION = YES_AGGRESSIVE;
				CLANG_CXX_LANGUAGE_STANDARD = "gnu++14";
				CLANG_CXX_LIBRARY = "libc++";
				CLANG_ENABLE_MODULES = YES;
				CLANG_ENABLE_OBJC_ARC = YES;
				CLANG_WARN_BLOCK_CAPTURE_AUTORELEASING = YES;
				CLANG_WARN_BOOL_CONVERSION = YES;
				CLANG_WARN_COMMA = YES;
				CLANG_WARN_CONSTANT_CONVERSION = YES;
				CLANG_WARN_DIRECT_OBJC_ISA_USAGE = YES_ERROR;
				CLANG_WARN_DOCUMENTATION_COMMENTS = YES;
				CLANG_WARN_EMPTY_BODY = YES;
				CLANG_WARN_ENUM_CONVERSION = YES;
				CLANG_WARN_INFINITE_RECURSION = YES;
				CLANG_WARN_INT_CONVERSION = YES;
				CLANG_WARN_NON_LITERAL_NULL_CONVERSION = YES;
				CLANG_WARN_OBJC_LITERAL_CONVERSION = YES;
				CLANG_WARN_OBJC_ROOT_CLASS = YES_ERROR;
				CLANG_WARN_RANGE_LOOP_ANALYSIS = YES;
				CLANG_WARN_STRICT_PROTOTYPES = YES;
				CLANG_WARN_SUSPICIOUS_MOVE = YES;
				CLANG_WARN_UNGUARDED_AVAILABILITY = YES_AGGRESSIVE;
				CLANG_WARN_UNREACHABLE_CODE = YES;
				CLANG_WARN__DUPLICATE_METHOD_MATCH = YES;
				CODE_SIGN_IDENTITY = "iPhone Developer";
				COPY_PHASE_STRIP = NO;
				DEBUG_INFORMATION_FORMAT = "dwarf-with-dsym";
				ENABLE_NS_ASSERTIONS = NO;
				ENABLE_STRICT_OBJC_MSGSEND = YES;
				GCC_C_LANGUAGE_STANDARD = gnu11;
				GCC_NO_COMMON_BLOCKS = YES;
				GCC_WARN_64_TO_32_BIT_CONVERSION = YES;
				GCC_WARN_ABOUT_RETURN_TYPE = YES_ERROR;
				GCC_WARN_UNDECLARED_SELECTOR = YES;
				GCC_WARN_UNINITIALIZED_AUTOS = YES_AGGRESSIVE;
				GCC_WARN_UNUSED_FUNCTION = YES;
				GCC_WARN_UNUSED_VARIABLE = YES;
				IPHONEOS_DEPLOYMENT_TARGET = 11.0;
				MTL_ENABLE_DEBUG_INFO = NO;
				SDKROOT = iphoneos;
				SWIFT_OPTIMIZATION_LEVEL = "-Owholemodule";
				VALIDATE_PRODUCT = YES;
			};
			name = Release;
		};
		4C937C021F839A5600A54348 /* Debug */ = {
			isa = XCBuildConfiguration;
			baseConfigurationReference = 8522543B2D9B1786DC61280F /* Pods-TweeterApp.debug.xcconfig */;
			buildSettings = {
				ASSETCATALOG_COMPILER_APPICON_NAME = AppIcon;
				CODE_SIGN_STYLE = Automatic;
				INFOPLIST_FILE = TweeterApp/Info.plist;
				LD_RUNPATH_SEARCH_PATHS = "$(inherited) @executable_path/Frameworks";
				PRODUCT_BUNDLE_IDENTIFIER = com.nhuphan.TweeterApp;
				PRODUCT_NAME = "$(TARGET_NAME)";
				SWIFT_VERSION = 4.0;
				TARGETED_DEVICE_FAMILY = "1,2";
			};
			name = Debug;
		};
		4C937C031F839A5600A54348 /* Release */ = {
			isa = XCBuildConfiguration;
			baseConfigurationReference = 8503D5235734D6C1B78195C4 /* Pods-TweeterApp.release.xcconfig */;
			buildSettings = {
				ASSETCATALOG_COMPILER_APPICON_NAME = AppIcon;
				CODE_SIGN_STYLE = Automatic;
				INFOPLIST_FILE = TweeterApp/Info.plist;
				LD_RUNPATH_SEARCH_PATHS = "$(inherited) @executable_path/Frameworks";
				PRODUCT_BUNDLE_IDENTIFIER = com.nhuphan.TweeterApp;
				PRODUCT_NAME = "$(TARGET_NAME)";
				SWIFT_VERSION = 4.0;
				TARGETED_DEVICE_FAMILY = "1,2";
			};
			name = Release;
		};
		4C937C051F839A5600A54348 /* Debug */ = {
			isa = XCBuildConfiguration;
			baseConfigurationReference = 997C8CF1AE5818E37A96B96D /* Pods-TweeterAppTests.debug.xcconfig */;
			buildSettings = {
				ALWAYS_EMBED_SWIFT_STANDARD_LIBRARIES = YES;
				BUNDLE_LOADER = "$(TEST_HOST)";
				CODE_SIGN_STYLE = Automatic;
				INFOPLIST_FILE = TweeterAppTests/Info.plist;
				LD_RUNPATH_SEARCH_PATHS = "$(inherited) @executable_path/Frameworks @loader_path/Frameworks";
				PRODUCT_BUNDLE_IDENTIFIER = com.nhuphan.TweeterAppTests;
				PRODUCT_NAME = "$(TARGET_NAME)";
				SWIFT_VERSION = 4.0;
				TARGETED_DEVICE_FAMILY = "1,2";
				TEST_HOST = "$(BUILT_PRODUCTS_DIR)/TweeterApp.app/TweeterApp";
			};
			name = Debug;
		};
		4C937C061F839A5600A54348 /* Release */ = {
			isa = XCBuildConfiguration;
			baseConfigurationReference = 2B4058549CACAB9A4A15617A /* Pods-TweeterAppTests.release.xcconfig */;
			buildSettings = {
				ALWAYS_EMBED_SWIFT_STANDARD_LIBRARIES = YES;
				BUNDLE_LOADER = "$(TEST_HOST)";
				CODE_SIGN_STYLE = Automatic;
				INFOPLIST_FILE = TweeterAppTests/Info.plist;
				LD_RUNPATH_SEARCH_PATHS = "$(inherited) @executable_path/Frameworks @loader_path/Frameworks";
				PRODUCT_BUNDLE_IDENTIFIER = com.nhuphan.TweeterAppTests;
				PRODUCT_NAME = "$(TARGET_NAME)";
				SWIFT_VERSION = 4.0;
				TARGETED_DEVICE_FAMILY = "1,2";
				TEST_HOST = "$(BUILT_PRODUCTS_DIR)/TweeterApp.app/TweeterApp";
			};
			name = Release;
		};
		4C937C081F839A5600A54348 /* Debug */ = {
			isa = XCBuildConfiguration;
			baseConfigurationReference = 9AAD8BBD03682790748A49B9 /* Pods-TweeterAppUITests.debug.xcconfig */;
			buildSettings = {
				ALWAYS_EMBED_SWIFT_STANDARD_LIBRARIES = YES;
				CODE_SIGN_STYLE = Automatic;
				INFOPLIST_FILE = TweeterAppUITests/Info.plist;
				LD_RUNPATH_SEARCH_PATHS = "$(inherited) @executable_path/Frameworks @loader_path/Frameworks";
				PRODUCT_BUNDLE_IDENTIFIER = com.nhuphan.TweeterAppUITests;
				PRODUCT_NAME = "$(TARGET_NAME)";
				SWIFT_VERSION = 4.0;
				TARGETED_DEVICE_FAMILY = "1,2";
				TEST_TARGET_NAME = TweeterApp;
			};
			name = Debug;
		};
		4C937C091F839A5600A54348 /* Release */ = {
			isa = XCBuildConfiguration;
			baseConfigurationReference = 901657122FD7E027AA8D5457 /* Pods-TweeterAppUITests.release.xcconfig */;
			buildSettings = {
				ALWAYS_EMBED_SWIFT_STANDARD_LIBRARIES = YES;
				CODE_SIGN_STYLE = Automatic;
				INFOPLIST_FILE = TweeterAppUITests/Info.plist;
				LD_RUNPATH_SEARCH_PATHS = "$(inherited) @executable_path/Frameworks @loader_path/Frameworks";
				PRODUCT_BUNDLE_IDENTIFIER = com.nhuphan.TweeterAppUITests;
				PRODUCT_NAME = "$(TARGET_NAME)";
				SWIFT_VERSION = 4.0;
				TARGETED_DEVICE_FAMILY = "1,2";
				TEST_TARGET_NAME = TweeterApp;
			};
			name = Release;
		};
/* End XCBuildConfiguration section */

/* Begin XCConfigurationList section */
		4C937BD11F839A5600A54348 /* Build configuration list for PBXProject "TweeterApp" */ = {
			isa = XCConfigurationList;
			buildConfigurations = (
				4C937BFF1F839A5600A54348 /* Debug */,
				4C937C001F839A5600A54348 /* Release */,
			);
			defaultConfigurationIsVisible = 0;
			defaultConfigurationName = Release;
		};
		4C937C011F839A5600A54348 /* Build configuration list for PBXNativeTarget "TweeterApp" */ = {
			isa = XCConfigurationList;
			buildConfigurations = (
				4C937C021F839A5600A54348 /* Debug */,
				4C937C031F839A5600A54348 /* Release */,
			);
			defaultConfigurationIsVisible = 0;
			defaultConfigurationName = Release;
		};
		4C937C041F839A5600A54348 /* Build configuration list for PBXNativeTarget "TweeterAppTests" */ = {
			isa = XCConfigurationList;
			buildConfigurations = (
				4C937C051F839A5600A54348 /* Debug */,
				4C937C061F839A5600A54348 /* Release */,
			);
			defaultConfigurationIsVisible = 0;
			defaultConfigurationName = Release;
		};
		4C937C071F839A5600A54348 /* Build configuration list for PBXNativeTarget "TweeterAppUITests" */ = {
			isa = XCConfigurationList;
			buildConfigurations = (
				4C937C081F839A5600A54348 /* Debug */,
				4C937C091F839A5600A54348 /* Release */,
			);
			defaultConfigurationIsVisible = 0;
			defaultConfigurationName = Release;
		};
/* End XCConfigurationList section */

/* Begin XCVersionGroup section */
		4C937BE01F839A5600A54348 /* TweeterApp.xcdatamodeld */ = {
			isa = XCVersionGroup;
			children = (
				4C937BE11F839A5600A54348 /* TweeterApp.xcdatamodel */,
			);
			currentVersion = 4C937BE11F839A5600A54348 /* TweeterApp.xcdatamodel */;
			path = TweeterApp.xcdatamodeld;
			sourceTree = "<group>";
			versionGroupType = wrapper.xcdatamodel;
		};
/* End XCVersionGroup section */
	};
	rootObject = 4C937BCE1F839A5600A54348 /* Project object */;
}
